
Microsoft Visual Studio Solution File, Format Version 12.00
# Visual Studio Version 16
VisualStudioVersion = 16.0.31424.327
MinimumVisualStudioVersion = 10.0.40219.1
Project("{FAE04EC0-301F-11D3-BF4B-00C04F79EFBC}") = "MathQuiz", "MathQuiz\MathQuiz.csproj", "{0952EC38-D052-4F5C-844F-6EF1F34AE32F}"
EndProject
Global
	GlobalSection(SolutionConfigurationPlatforms) = preSolution
		Debug|Any CPU = Debug|Any CPU
		Release|Any CPU = Release|Any CPU
	EndGlobalSection
	GlobalSection(ProjectConfigurationPlatforms) = postSolution
		{0952EC38-D052-4F5C-844F-6EF1F34AE32F}.Debug|Any CPU.ActiveCfg = Debug|Any CPU
		{0952EC38-D052-4F5C-844F-6EF1F34AE32F}.Debug|Any CPU.Build.0 = Debug|Any CPU
		{0952EC38-D052-4F5C-844F-6EF1F34AE32F}.Release|Any CPU.ActiveCfg = Release|Any CPU
		{0952EC38-D052-4F5C-844F-6EF1F34AE32F}.Release|Any CPU.Build.0 = Release|Any CPU
	EndGlobalSection
	GlobalSection(SolutionProperties) = preSolution
		HideSolutionNode = FALSE
	EndGlobalSection
	GlobalSection(ExtensibilityGlobals) = postSolution
		SolutionGuid = {08BCC667-B1E1-4357-BFE0-4365A820304E}
	EndGlobalSection
EndGlobal
